
Microsoft Visual Studio Solution File, Format Version 12.00
# Visual Studio Version 17
VisualStudioVersion = 17.0.31903.59
MinimumVisualStudioVersion = 10.0.40219.1
Project("{FAE04EC0-301F-11D3-BF4B-00C04F79EFBC}") = "ISO11820", "ISO11820\ISO11820.csproj", "{36EC3F86-BC4B-4C95-99D1-B9720183FFCC}"
EndProject
Global
	GlobalSection(SolutionConfigurationPlatforms) = preSolution
		Debug|Any CPU = Debug|Any CPU
		Release|Any CPU = Release|Any CPU
	EndGlobalSection
	GlobalSection(SolutionProperties) = preSolution
		HideSolutionNode = FALSE
	EndGlobalSection
	GlobalSection(ProjectConfigurationPlatforms) = postSolution
		{36EC3F86-BC4B-4C95-99D1-B9720183FFCC}.Debug|Any CPU.ActiveCfg = Debug|Any CPU
		{36EC3F86-BC4B-4C95-99D1-B9720183FFCC}.Debug|Any CPU.Build.0 = Debug|Any CPU
		{36EC3F86-BC4B-4C95-99D1-B9720183FFCC}.Release|Any CPU.ActiveCfg = Release|Any CPU
		{36EC3F86-BC4B-4C95-99D1-B9720183FFCC}.Release|Any CPU.Build.0 = Release|Any CPU
	EndGlobalSection
EndGlobal
